github.com/FortAwesome/Font-Awesome v0.0.0-20221115183454-96cafbd73ec4 h1:xfr9SidRCMEh4A8fdkLhFPcHAVbrdv3Ua0Jp/nSmhhQ=
github.com/FortAwesome/Font-Awesome v0.0.0-20221115183454-96cafbd73ec4/go.mod h1:IUgezN/MFpCDIlFezw3L8j83oeiIuYoj28Miwr/KUYo=
github.com/cooperaj/rmwd-hugo-theme v0.0.0-20240122115653-34a52be8b655 h1:c5uzWUD0Fx8bI5/SiBhO75w7Bnd+JlLymdA/YTFSqco=
github.com/cooperaj/rmwd-hugo-theme v0.0.0-20240122115653-34a52be8b655/go.mod h1:gvkbdwqpD3AcgxNvk+NmAZBnwrGa5cGJZaGwTEWamjY=
github.com/fengyuanchen/viewerjs v1.11.6 h1:tsj7VPabAhphgiPMHClankHkdh02bVrrY47Vcabg3fE=
github.com/fengyuanchen/viewerjs v1.11.6/go.mod h1:RMfNwqXxfGN/U8s5pScGDAHEhvYzTCSQafZCoM5v0HA=
github.com/jgthms/bulma v0.0.0-20240104164708-f1d23c178df0 h1:jcKZVlsY9bZGmd1zIFDjNgURbOPsubFhPWEMY6CUfpg=
github.com/jgthms/bulma v0.0.0-20240104164708-f1d23c178df0/go.mod h1:89FLBKXYFKfOKAoDeUT26V0pHGwzr205cMXAEqtAVOI=
